
Microsoft Visual Studio Solution File, Format Version 12.00
# Visual Studio Version 17
VisualStudioVersion = 17.8.34511.84
MinimumVisualStudioVersion = 10.0.40219.1
Project("{FAE04EC0-301F-11D3-BF4B-00C04F79EFBC}") = "Llamada-y-minutos", "Llamada-y-minutos\Llamada-y-minutos.csproj", "{2293E357-3D8E-48BC-96CB-449B0290F9B5}"
EndProject
Global
	GlobalSection(SolutionConfigurationPlatforms) = preSolution
		Debug|Any CPU = Debug|Any CPU
		Release|Any CPU = Release|Any CPU
	EndGlobalSection
	GlobalSection(ProjectConfigurationPlatforms) = postSolution
		{2293E357-3D8E-48BC-96CB-449B0290F9B5}.Debug|Any CPU.ActiveCfg = Debug|Any CPU
		{2293E357-3D8E-48BC-96CB-449B0290F9B5}.Debug|Any CPU.Build.0 = Debug|Any CPU
		{2293E357-3D8E-48BC-96CB-449B0290F9B5}.Release|Any CPU.ActiveCfg = Release|Any CPU
		{2293E357-3D8E-48BC-96CB-449B0290F9B5}.Release|Any CPU.Build.0 = Release|Any CPU
	EndGlobalSection
	GlobalSection(SolutionProperties) = preSolution
		HideSolutionNode = FALSE
	EndGlobalSection
	GlobalSection(ExtensibilityGlobals) = postSolution
		SolutionGuid = {563D918F-3D7E-4039-A272-345C97330D79}
	EndGlobalSection
EndGlobal
